
Microsoft Visual Studio Solution File, Format Version 12.00
# Visual Studio Version 17
VisualStudioVersion = 17.2.32616.157
MinimumVisualStudioVersion = 10.0.40219.1
Project("{FAE04EC0-301F-11D3-BF4B-00C04F79EFBC}") = "Projeto teste", "Projeto teste\Projeto teste.csproj", "{F50D5537-E709-449D-92CC-D1637B5E77ED}"
EndProject
Global
	GlobalSection(SolutionConfigurationPlatforms) = preSolution
		Debug|Any CPU = Debug|Any CPU
		Release|Any CPU = Release|Any CPU
	EndGlobalSection
	GlobalSection(ProjectConfigurationPlatforms) = postSolution
		{F50D5537-E709-449D-92CC-D1637B5E77ED}.Debug|Any CPU.ActiveCfg = Debug|Any CPU
		{F50D5537-E709-449D-92CC-D1637B5E77ED}.Debug|Any CPU.Build.0 = Debug|Any CPU
		{F50D5537-E709-449D-92CC-D1637B5E77ED}.Release|Any CPU.ActiveCfg = Release|Any CPU
		{F50D5537-E709-449D-92CC-D1637B5E77ED}.Release|Any CPU.Build.0 = Release|Any CPU
	EndGlobalSection
	GlobalSection(SolutionProperties) = preSolution
		HideSolutionNode = FALSE
	EndGlobalSection
	GlobalSection(ExtensibilityGlobals) = postSolution
		SolutionGuid = {61E0D4F6-E941-4EB5-8FD5-8BA62A90311A}
	EndGlobalSection
EndGlobal
